
Microsoft Visual Studio Solution File, Format Version 12.00
Project("{FAE04EC0-301F-11D3-BF4B-00C04F79EFBC}") = "lol", "lol\lol.csproj", "{78F5C539-D863-4EE8-ADEF-161DE15C682D}"
EndProject
Global
	GlobalSection(SolutionConfigurationPlatforms) = preSolution
		Debug|Any CPU = Debug|Any CPU
		Release|Any CPU = Release|Any CPU
	EndGlobalSection
	GlobalSection(ProjectConfigurationPlatforms) = postSolution
		{78F5C539-D863-4EE8-ADEF-161DE15C682D}.Debug|Any CPU.ActiveCfg = Debug|Any CPU
		{78F5C539-D863-4EE8-ADEF-161DE15C682D}.Debug|Any CPU.Build.0 = Debug|Any CPU
		{78F5C539-D863-4EE8-ADEF-161DE15C682D}.Release|Any CPU.ActiveCfg = Release|Any CPU
		{78F5C539-D863-4EE8-ADEF-161DE15C682D}.Release|Any CPU.Build.0 = Release|Any CPU
	EndGlobalSection
EndGlobal
